
Microsoft Visual Studio Solution File, Format Version 12.00
# Visual Studio Version 17
VisualStudioVersion = 17.0.31903.59
MinimumVisualStudioVersion = 10.0.40219.1
Project("{2150E333-8FDC-42A3-9474-1A3956D46DE8}") = "src", "src", "{20E950C3-04D0-4EEA-9853-79A9F780EEA7}"
EndProject
Project("{2150E333-8FDC-42A3-9474-1A3956D46DE8}") = "Modules", "Modules", "{479B148A-52E0-4DDA-ABE3-5BA5F1E4D949}"
EndProject
Project("{FAE04EC0-301F-11D3-BF4B-00C04F79EFBC}") = "Core", "src\Modules\Core\Core.csproj", "{89BD1362-F420-4FBC-B21D-302A43205050}"
EndProject
Project("{2150E333-8FDC-42A3-9474-1A3956D46DE8}") = "App", "App", "{ABCCA92E-110C-48A8-9F30-86591CF6FD59}"
EndProject
Project("{FAE04EC0-301F-11D3-BF4B-00C04F79EFBC}") = "Api", "src\App\Api\Api.csproj", "{9419FAD6-9051-4259-A9BD-38CD8506E2E7}"
EndProject
Project("{2150E333-8FDC-42A3-9474-1A3956D46DE8}") = "tests", "tests", "{23DF82CE-7A29-477A-BFCE-C6368A42BBA8}"
EndProject
Project("{2150E333-8FDC-42A3-9474-1A3956D46DE8}") = "Modules", "Modules", "{6968D8F0-E0E0-43E3-8A82-87A53D6CABC8}"
EndProject
Project("{FAE04EC0-301F-11D3-BF4B-00C04F79EFBC}") = "Catalog", "tests\Modules\Catalog\Catalog.csproj", "{20D93E9F-9ECA-426B-8A45-A3EECB8E130A}"
EndProject
Global
	GlobalSection(SolutionConfigurationPlatforms) = preSolution
		Debug|Any CPU = Debug|Any CPU
		Release|Any CPU = Release|Any CPU
	EndGlobalSection
	GlobalSection(SolutionProperties) = preSolution
		HideSolutionNode = FALSE
	EndGlobalSection
	GlobalSection(ProjectConfigurationPlatforms) = postSolution
		{89BD1362-F420-4FBC-B21D-302A43205050}.Debug|Any CPU.ActiveCfg = Debug|Any CPU
		{89BD1362-F420-4FBC-B21D-302A43205050}.Debug|Any CPU.Build.0 = Debug|Any CPU
		{89BD1362-F420-4FBC-B21D-302A43205050}.Release|Any CPU.ActiveCfg = Release|Any CPU
		{89BD1362-F420-4FBC-B21D-302A43205050}.Release|Any CPU.Build.0 = Release|Any CPU
		{9419FAD6-9051-4259-A9BD-38CD8506E2E7}.Debug|Any CPU.ActiveCfg = Debug|Any CPU
		{9419FAD6-9051-4259-A9BD-38CD8506E2E7}.Debug|Any CPU.Build.0 = Debug|Any CPU
		{9419FAD6-9051-4259-A9BD-38CD8506E2E7}.Release|Any CPU.ActiveCfg = Release|Any CPU
		{9419FAD6-9051-4259-A9BD-38CD8506E2E7}.Release|Any CPU.Build.0 = Release|Any CPU
		{20D93E9F-9ECA-426B-8A45-A3EECB8E130A}.Debug|Any CPU.ActiveCfg = Debug|Any CPU
		{20D93E9F-9ECA-426B-8A45-A3EECB8E130A}.Debug|Any CPU.Build.0 = Debug|Any CPU
		{20D93E9F-9ECA-426B-8A45-A3EECB8E130A}.Release|Any CPU.ActiveCfg = Release|Any CPU
		{20D93E9F-9ECA-426B-8A45-A3EECB8E130A}.Release|Any CPU.Build.0 = Release|Any CPU
	EndGlobalSection
	GlobalSection(NestedProjects) = preSolution
		{479B148A-52E0-4DDA-ABE3-5BA5F1E4D949} = {20E950C3-04D0-4EEA-9853-79A9F780EEA7}
		{89BD1362-F420-4FBC-B21D-302A43205050} = {479B148A-52E0-4DDA-ABE3-5BA5F1E4D949}
		{ABCCA92E-110C-48A8-9F30-86591CF6FD59} = {20E950C3-04D0-4EEA-9853-79A9F780EEA7}
		{9419FAD6-9051-4259-A9BD-38CD8506E2E7} = {ABCCA92E-110C-48A8-9F30-86591CF6FD59}
		{6968D8F0-E0E0-43E3-8A82-87A53D6CABC8} = {23DF82CE-7A29-477A-BFCE-C6368A42BBA8}
		{20D93E9F-9ECA-426B-8A45-A3EECB8E130A} = {6968D8F0-E0E0-43E3-8A82-87A53D6CABC8}
	EndGlobalSection
EndGlobal
