{
  "version": 2,
  "dependencies": {
    "net9.0": {
      "Microsoft.AspNetCore.OpenApi": {
        "type": "Direct",
        "requested": "[9.0.0, )",
        "resolved": "9.0.0",
        "contentHash": "FqUK5j1EOPNuFT7IafltZQ3cakqhSwVzH5ZW1MhZDe4pPXs9sJ2M5jom1Omsu+mwF2tNKKlRAzLRHQTZzbd+6Q==",
        "dependencies": {
          "Microsoft.OpenApi": "1.6.17"
        }
      },
      "Swashbuckle.AspNetCore": {
        "type": "Direct",
        "requested": "[7.2.0, )",
        "resolved": "7.2.0",
        "contentHash": "vJv19UpWm6OOgnS9QLDnWARNVasXUfj8SFvlG7UVALm4nBnfwRnEky7C0veSDqMUmBeMPC6Ec3d6G1ts/J04Uw==",
        "dependencies": {
          "Microsoft.Extensions.ApiDescription.Server": "6.0.5",
          "Swashbuckle.AspNetCore.Swagger": "7.2.0",
          "Swashbuckle.AspNetCore.SwaggerGen": "7.2.0",
          "Swashbuckle.AspNetCore.SwaggerUI": "7.2.0"
        }
      },
      "FluentValidation.DependencyInjectionExtensions": {
        "type": "Transitive",
        "resolved": "11.5.1",
        "contentHash": "iWM0LS1MDYX06pcjMEQKqHirl2zkjHlNV23mEJSoR1IZI7KQmTa0RcTtGEJpj5+iHvBCfrzP2mYKM4FtRKVb+A==",
        "dependencies": {
          "FluentValidation": "11.5.1",
          "Microsoft.Extensions.Dependencyinjection.Abstractions": "2.1.0"
        }
      },
      "Google.Protobuf": {
        "type": "Transitive",
        "resolved": "3.26.1",
        "contentHash": "CHZX8zXqhF/fdUtd+AYzew8T2HFkAoe5c7lbGxZY/qryAlQXckDvM5BfOJjXlMS7kyICqQTMszj4w1bX5uBJ/w=="
      },
      "Grpc.Core.Api": {
        "type": "Transitive",
        "resolved": "2.62.0",
        "contentHash": "q4Jj6bRZHNnE4CMLqgjiBUCKLit+tRr0simZsS2W6U++akd7CzXByeKy2tddqT68hFzP2XzceXA2YtBTfWtixA=="
      },
      "Grpc.Net.Client": {
        "type": "Transitive",
        "resolved": "2.62.0",
        "contentHash": "C7HxLt+wWPTpPFORRHkxxtDLL+K/jXSmZBaPLhFM8AEkN0bYjklIfCwnzajn1gcbRcEETBb0WnRgHJdVzpwbCg==",
        "dependencies": {
          "Grpc.Net.Common": "2.62.0",
          "Microsoft.Extensions.Logging.Abstractions": "6.0.0"
        }
      },
      "Grpc.Net.Common": {
        "type": "Transitive",
        "resolved": "2.62.0",
        "contentHash": "eBv5I4RPWfdezGXqooU5hs3+XcfVMLk5XDlA4G/Nd9TMX78ZGrFl/lM1Ad187zgBLmH7WPAgfjKRWLBwaa1Wbw==",
        "dependencies": {
          "Grpc.Core.Api": "2.62.0"
        }
      },
      "Microsoft.CSharp": {
        "type": "Transitive",
        "resolved": "4.7.0",
        "contentHash": "pTj+D3uJWyN3My70i2Hqo+OXixq3Os2D1nJ2x92FFo6sk8fYS1m1WLNTs0Dc1uPaViH0YvEEwvzddQ7y4rhXmA=="
      },
      "Microsoft.Extensions.ApiDescription.Server": {
        "type": "Transitive",
        "resolved": "6.0.5",
        "contentHash": "Ckb5EDBUNJdFWyajfXzUIMRkhf52fHZOQuuZg/oiu8y7zDCVwD0iHhew6MnThjHmevanpxL3f5ci2TtHQEN6bw=="
      },
      "Microsoft.Extensions.Configuration.Abstractions": {
        "type": "Transitive",
        "resolved": "9.0.0",
        "contentHash": "lqvd7W3FGKUO1+ZoUEMaZ5XDJeWvjpy2/M/ptCGz3tXLD4HWVaSzjufsAsjemasBEg+2SxXVtYVvGt5r2nKDlg==",
        "dependencies": {
          "Microsoft.Extensions.Primitives": "9.0.0"
        }
      },
      "Microsoft.Extensions.Configuration.Binder": {
        "type": "Transitive",
        "resolved": "9.0.0",
        "contentHash": "RiScL99DcyngY9zJA2ROrri7Br8tn5N4hP4YNvGdTN/bvg1A3dwvDOxHnNZ3Im7x2SJ5i4LkX1uPiR/MfSFBLQ==",
        "dependencies": {
          "Microsoft.Extensions.Configuration.Abstractions": "9.0.0"
        }
      },
      "Microsoft.Extensions.DependencyInjection": {
        "type": "Transitive",
        "resolved": "9.0.0",
        "contentHash": "MCPrg7v3QgNMr0vX4vzRXvkNGgLg8vKWX0nKCWUxu2uPyMsaRgiRc1tHBnbTcfJMhMKj2slE/j2M9oGkd25DNw==",
        "dependencies": {
          "Microsoft.Extensions.DependencyInjection.Abstractions": "9.0.0"
        }
      },
      "Microsoft.Extensions.DependencyInjection.Abstractions": {
        "type": "Transitive",
        "resolved": "9.0.0",
        "contentHash": "+6f2qv2a3dLwd5w6JanPIPs47CxRbnk+ZocMJUhv9NxP88VlOcJYZs9jY+MYSjxvady08bUZn6qgiNh7DadGgg=="
      },
      "Microsoft.Extensions.DependencyModel": {
        "type": "Transitive",
        "resolved": "9.0.0",
        "contentHash": "saxr2XzwgDU77LaQfYFXmddEDRUKHF4DaGMZkNB3qjdVSZlax3//dGJagJkKrGMIPNZs2jVFXITyCCR6UHJNdA=="
      },
      "Microsoft.Extensions.Diagnostics.Abstractions": {
        "type": "Transitive",
        "resolved": "9.0.0",
        "contentHash": "1K8P7XzuzX8W8pmXcZjcrqS6x5eSSdvhQohmcpgiQNY/HlDAlnrhR9dvlURfFz428A+RTCJpUyB+aKTA6AgVcQ==",
        "dependencies": {
          "Microsoft.Extensions.DependencyInjection.Abstractions": "9.0.0",
          "Microsoft.Extensions.Options": "9.0.0"
        }
      },
      "Microsoft.Extensions.FileProviders.Abstractions": {
        "type": "Transitive",
        "resolved": "9.0.0",
        "contentHash": "uK439QzYR0q2emLVtYzwyK3x+T5bTY4yWsd/k/ZUS9LR6Sflp8MIdhGXW8kQCd86dQD4tLqvcbLkku8qHY263Q==",
        "dependencies": {
          "Microsoft.Extensions.Primitives": "9.0.0"
        }
      },
      "Microsoft.Extensions.Hosting.Abstractions": {
        "type": "Transitive",
        "resolved": "9.0.0",
        "contentHash": "yUKJgu81ExjvqbNWqZKshBbLntZMbMVz/P7Way2SBx7bMqA08Mfdc9O7hWDKAiSp+zPUGT6LKcSCQIPeDK+CCw==",
        "dependencies": {
          "Microsoft.Extensions.Configuration.Abstractions": "9.0.0",
          "Microsoft.Extensions.DependencyInjection.Abstractions": "9.0.0",
          "Microsoft.Extensions.Diagnostics.Abstractions": "9.0.0",
          "Microsoft.Extensions.FileProviders.Abstractions": "9.0.0",
          "Microsoft.Extensions.Logging.Abstractions": "9.0.0"
        }
      },
      "Microsoft.Extensions.Logging": {
        "type": "Transitive",
        "resolved": "9.0.0",
        "contentHash": "crjWyORoug0kK7RSNJBTeSE6VX8IQgLf3nUpTB9m62bPXp/tzbnOsnbe8TXEG0AASNaKZddnpHKw7fET8E++Pg==",
        "dependencies": {
          "Microsoft.Extensions.DependencyInjection": "9.0.0",
          "Microsoft.Extensions.Logging.Abstractions": "9.0.0",
          "Microsoft.Extensions.Options": "9.0.0"
        }
      },
      "Microsoft.Extensions.Logging.Abstractions": {
        "type": "Transitive",
        "resolved": "9.0.0",
        "contentHash": "g0UfujELzlLbHoVG8kPKVBaW470Ewi+jnptGS9KUi6jcb+k2StujtK3m26DFSGGwQ/+bVgZfsWqNzlP6YOejvw==",
        "dependencies": {
          "Microsoft.Extensions.DependencyInjection.Abstractions": "9.0.0"
        }
      },
      "Microsoft.Extensions.Options": {
        "type": "Transitive",
        "resolved": "9.0.0",
        "contentHash": "y2146b3jrPI3Q0lokKXdKLpmXqakYbDIPDV6r3M8SqvSf45WwOTzkyfDpxnZXJsJQEpAsAqjUq5Pu8RCJMjubg==",
        "dependencies": {
          "Microsoft.Extensions.DependencyInjection.Abstractions": "9.0.0",
          "Microsoft.Extensions.Primitives": "9.0.0"
        }
      },
      "Microsoft.Extensions.Primitives": {
        "type": "Transitive",
        "resolved": "9.0.0",
        "contentHash": "N3qEBzmLMYiASUlKxxFIISP4AiwuPTHF5uCh+2CWSwwzAJiIYx0kBJsS30cp1nvhSySFAVi30jecD307jV+8Kg=="
      },
      "Microsoft.OpenApi": {
        "type": "Transitive",
        "resolved": "1.6.22",
        "contentHash": "aBvunmrdu/x+4CaA/UP1Jx4xWGwk4kymhoIRnn2Vp+zi5/KOPQJ9EkSXHRUr01WcGKtYl3Au7XfkPJbU1G2sjQ=="
      },
      "Serilog.Extensions.Hosting": {
        "type": "Transitive",
        "resolved": "9.0.0",
        "contentHash": "u2TRxuxbjvTAldQn7uaAwePkWxTHIqlgjelekBtilAGL5sYyF3+65NWctN4UrwwGLsDC7c3Vz3HnOlu+PcoxXg==",
        "dependencies": {
          "Microsoft.Extensions.DependencyInjection.Abstractions": "9.0.0",
          "Microsoft.Extensions.Hosting.Abstractions": "9.0.0",
          "Microsoft.Extensions.Logging.Abstractions": "9.0.0",
          "Serilog": "4.2.0",
          "Serilog.Extensions.Logging": "9.0.0"
        }
      },
      "Serilog.Extensions.Logging": {
        "type": "Transitive",
        "resolved": "9.0.0",
        "contentHash": "NwSSYqPJeKNzl5AuXVHpGbr6PkZJFlNa14CdIebVjK3k/76kYj/mz5kiTRNVSsSaxM8kAIa1kpy/qyT9E4npRQ==",
        "dependencies": {
          "Microsoft.Extensions.Logging": "9.0.0",
          "Serilog": "4.2.0"
        }
      },
      "Serilog.Formatting.Compact": {
        "type": "Transitive",
        "resolved": "3.0.0",
        "contentHash": "wQsv14w9cqlfB5FX2MZpNsTawckN4a8dryuNGbebB/3Nh1pXnROHZov3swtu3Nj5oNG7Ba+xdu7Et/ulAUPanQ==",
        "dependencies": {
          "Serilog": "4.0.0"
        }
      },
      "Serilog.Sinks.Console": {
        "type": "Transitive",
        "resolved": "6.0.0",
        "contentHash": "fQGWqVMClCP2yEyTXPIinSr5c+CBGUvBybPxjAGcf7ctDhadFhrQw03Mv8rJ07/wR5PDfFjewf2LimvXCDzpbA==",
        "dependencies": {
          "Serilog": "4.0.0"
        }
      },
      "Serilog.Sinks.Debug": {
        "type": "Transitive",
        "resolved": "3.0.0",
        "contentHash": "4BzXcdrgRX7wde9PmHuYd9U6YqycCC28hhpKonK7hx0wb19eiuRj16fPcPSVp0o/Y1ipJuNLYQ00R3q2Zs8FDA==",
        "dependencies": {
          "Serilog": "4.0.0"
        }
      },
      "Serilog.Sinks.File": {
        "type": "Transitive",
        "resolved": "6.0.0",
        "contentHash": "lxjg89Y8gJMmFxVkbZ+qDgjl+T4yC5F7WSLTvA+5q0R04tfKVLRL/EHpYoJ/MEQd2EeCKDuylBIVnAYMotmh2A==",
        "dependencies": {
          "Serilog": "4.0.0"
        }
      },
      "Swashbuckle.AspNetCore.Swagger": {
        "type": "Transitive",
        "resolved": "7.2.0",
        "contentHash": "y27fNDfIh1vGhJjXYynLcZjl7DLOW1bSO2MDsY9wB4Zm1fdxpPsuBSiR4U+0acWlAqLmnuOPKr/OeOgwRUkBlw==",
        "dependencies": {
          "Microsoft.OpenApi": "1.6.22"
        }
      },
      "Swashbuckle.AspNetCore.SwaggerGen": {
        "type": "Transitive",
        "resolved": "7.2.0",
        "contentHash": "pMrTxGVuXM7t4wqft5CNNU8A0++Yw5kTLmYhB6tbEcyBfO8xEF/Y8pkJhO6BZ/2MYONrRYoQTfPFJqu8fOf5WQ==",
        "dependencies": {
          "Swashbuckle.AspNetCore.Swagger": "7.2.0"
        }
      },
      "Swashbuckle.AspNetCore.SwaggerUI": {
        "type": "Transitive",
        "resolved": "7.2.0",
        "contentHash": "hgrXeKzyp5OGN8qVvL7A+vhmU7mDJTfGpiMBRL66IcfLOyna8UTLtn3cC3CghamXpRDufcc9ciklTszUGEQK0w=="
      },
      "System.Buffers": {
        "type": "Transitive",
        "resolved": "4.5.1",
        "contentHash": "Rw7ijyl1qqRS0YQD/WycNst8hUUMgrMH4FCn1nNm27M4VxchZ1js3fVjQaANHO5f3sN4isvP4a+Met9Y4YomAg=="
      },
      "System.Diagnostics.DiagnosticSource": {
        "type": "Transitive",
        "resolved": "7.0.0",
        "contentHash": "9W0ewWDuAyDqS2PigdTxk6jDKonfgscY/hP8hm7VpxYhNHZHKvZTdRckberlFk3VnCmr3xBUyMBut12Q+T2aOw=="
      },
      "System.IO.Pipelines": {
        "type": "Transitive",
        "resolved": "8.0.0",
        "contentHash": "FHNOatmUq0sqJOkTx+UF/9YK1f180cnW5FVqnQMvYUN0elp6wFzbtPSiqbo1/ru8ICp43JM1i7kKkk6GsNGHlA=="
      },
      "System.Reflection.TypeExtensions": {
        "type": "Transitive",
        "resolved": "4.7.0",
        "contentHash": "VybpaOQQhqE6siHppMktjfGBw1GCwvCqiufqmP8F1nj7fTUNtW35LOEt3UZTEsECfo+ELAl/9o9nJx3U91i7vA=="
      },
      "System.Threading.RateLimiting": {
        "type": "Transitive",
        "resolved": "8.0.0",
        "contentHash": "7mu9v0QDv66ar3DpGSZHg9NuNcxDaaAcnMULuZlaTpP9+hwXhrxNGsF5GmLkSHxFdb5bBc1TzeujsRgTrPWi+Q=="
      },
      "catalog": {
        "type": "Project",
        "dependencies": {
          "Core": "[1.0.0, )",
          "FluentValidation": "[11.11.0, )",
          "FluentValidation.AspNetCore": "[11.3.0, )",
          "OpenSearch.Client": "[1.8.0, )",
          "OpenSearch.Net": "[1.8.0, )"
        }
      },
      "core": {
        "type": "Project",
        "dependencies": {
          "RabbitMQ.Client": "[7.0.0, )",
          "Serilog": "[4.2.0, )",
          "Serilog.AspNetCore": "[9.0.0, )",
          "Serilog.Enrichers.Span": "[3.1.0, )",
          "Serilog.Exceptions": "[8.4.0, )",
          "Serilog.Formatting.Elasticsearch": "[10.0.0, )",
          "Serilog.Settings.Configuration": "[9.0.0, )",
          "Serilog.Sinks.OpenTelemetry": "[4.1.1, )",
          "System.Text.Json": "[9.0.0, )"
        }
      },
      "FluentValidation": {
        "type": "CentralTransitive",
        "requested": "[11.11.0, )",
        "resolved": "11.11.0",
        "contentHash": "cyIVdQBwSipxWG8MA3Rqox7iNbUNUTK5bfJi9tIdm4CAfH71Oo5ABLP4/QyrUwuakqpUEPGtE43BDddvEehuYw=="
      },
      "FluentValidation.AspNetCore": {
        "type": "CentralTransitive",
        "requested": "[11.3.0, )",
        "resolved": "11.3.0",
        "contentHash": "jtFVgKnDFySyBlPS8bZbTKEEwJZnn11rXXJ2SQnjDhZ56rQqybBg9Joq4crRLz3y0QR8WoOq4iE4piV81w/Djg==",
        "dependencies": {
          "FluentValidation": "11.5.1",
          "FluentValidation.DependencyInjectionExtensions": "11.5.1"
        }
      },
      "OpenSearch.Client": {
        "type": "CentralTransitive",
        "requested": "[1.8.0, )",
        "resolved": "1.8.0",
        "contentHash": "OoVHys2QZpnstwA9WliaFjpV/LEs5EbKPRjy8ww8cRxJMNzHpHTwUJBJ/N8qHhP/riiTHAtNUGLvhcoBXJkyTw==",
        "dependencies": {
          "OpenSearch.Net": "1.8.0"
        }
      },
      "OpenSearch.Net": {
        "type": "CentralTransitive",
        "requested": "[1.8.0, )",
        "resolved": "1.8.0",
        "contentHash": "X4n+b3Eq9u7i5qXqcSPMJRpoH7qljwCIAv2t6h46R4JuObzx28VeFG0cGoy+y4azqScfKp2t67JeuHB1Mo+4Uw==",
        "dependencies": {
          "Microsoft.CSharp": "4.7.0",
          "System.Buffers": "4.5.1",
          "System.Diagnostics.DiagnosticSource": "6.0.1"
        }
      },
      "RabbitMQ.Client": {
        "type": "CentralTransitive",
        "requested": "[7.0.0, )",
        "resolved": "7.0.0",
        "contentHash": "8YJz22mOSMtkbIVuVSz2HbJwbpKwRoXQ1uqbczDUt1w1Ds8dxFs6dkV/oZ8AlTmkErZjtQelHv+oBu52ud00WA==",
        "dependencies": {
          "System.IO.Pipelines": "8.0.0",
          "System.Threading.RateLimiting": "8.0.0"
        }
      },
      "Serilog": {
        "type": "CentralTransitive",
        "requested": "[4.2.0, )",
        "resolved": "4.2.0",
        "contentHash": "gmoWVOvKgbME8TYR+gwMf7osROiWAURterc6Rt2dQyX7wtjZYpqFiA/pY6ztjGQKKV62GGCyOcmtP1UKMHgSmA=="
      },
      "Serilog.AspNetCore": {
        "type": "CentralTransitive",
        "requested": "[9.0.0, )",
        "resolved": "9.0.0",
        "contentHash": "JslDajPlBsn3Pww1554flJFTqROvK9zz9jONNQgn0D8Lx2Trw8L0A8/n6zEQK1DAZWXrJwiVLw8cnTR3YFuYsg==",
        "dependencies": {
          "Serilog": "4.2.0",
          "Serilog.Extensions.Hosting": "9.0.0",
          "Serilog.Formatting.Compact": "3.0.0",
          "Serilog.Settings.Configuration": "9.0.0",
          "Serilog.Sinks.Console": "6.0.0",
          "Serilog.Sinks.Debug": "3.0.0",
          "Serilog.Sinks.File": "6.0.0"
        }
      },
      "Serilog.Enrichers.Span": {
        "type": "CentralTransitive",
        "requested": "[3.1.0, )",
        "resolved": "3.1.0",
        "contentHash": "xNxy5FxIuLLusRHBpJwJ/YqVw5S7Dtbt79NUsPQxDtu4+CYG4kJgjLs9fjZhKPMjZQL8GZRewT8brap9h2r+Vw==",
        "dependencies": {
          "Serilog": "2.10.0",
          "System.Diagnostics.DiagnosticSource": "7.0.0"
        }
      },
      "Serilog.Exceptions": {
        "type": "CentralTransitive",
        "requested": "[8.4.0, )",
        "resolved": "8.4.0",
        "contentHash": "nc/+hUw3lsdo0zCj0KMIybAu7perMx79vu72w0za9Nsi6mWyNkGXxYxakAjWB7nEmYL6zdmhEQRB4oJ2ALUeug==",
        "dependencies": {
          "Serilog": "2.8.0",
          "System.Reflection.TypeExtensions": "4.7.0"
        }
      },
      "Serilog.Formatting.Elasticsearch": {
        "type": "CentralTransitive",
        "requested": "[10.0.0, )",
        "resolved": "10.0.0",
        "contentHash": "N9FsqRnl+rQOD2ldJMbEgPySwFDkUB8s6PCj5e92ryektgyZNFze3R2c1nwGOz6jhJ2aIzBIBNDM69CCzdHO0w==",
        "dependencies": {
          "Serilog": "2.12.0"
        }
      },
      "Serilog.Settings.Configuration": {
        "type": "CentralTransitive",
        "requested": "[9.0.0, )",
        "resolved": "9.0.0",
        "contentHash": "4/Et4Cqwa+F88l5SeFeNZ4c4Z6dEAIKbu3MaQb2Zz9F/g27T5a3wvfMcmCOaAiACjfUb4A6wrlTVfyYUZk3RRQ==",
        "dependencies": {
          "Microsoft.Extensions.Configuration.Binder": "9.0.0",
          "Microsoft.Extensions.DependencyModel": "9.0.0",
          "Serilog": "4.2.0"
        }
      },
      "Serilog.Sinks.OpenTelemetry": {
        "type": "CentralTransitive",
        "requested": "[4.1.1, )",
        "resolved": "4.1.1",
        "contentHash": "1WylKFYPSdWZoOAxCFeOWZ14eo4H4zm79m6UogAlIji4IJX9Da83jnsAi8VKrOTOVYxQ4g6+TQvp1zC3fPJDkA==",
        "dependencies": {
          "Google.Protobuf": "3.26.1",
          "Grpc.Net.Client": "2.62.0",
          "Serilog": "4.0.0"
        }
      },
      "System.Text.Json": {
        "type": "CentralTransitive",
        "requested": "[9.0.0, )",
        "resolved": "9.0.0",
        "contentHash": "js7+qAu/9mQvnhA4EfGMZNEzXtJCDxgkgj8ohuxq/Qxv+R56G+ljefhiJHOxTNiw54q8vmABCWUwkMulNdlZ4A=="
      }
    }
  }
}